
Microsoft Visual Studio Solution File, Format Version 12.00
# Visual Studio Version 17
VisualStudioVersion = 17.14.36511.14 d17.14
MinimumVisualStudioVersion = 10.0.40219.1
Project("{FAE04EC0-301F-11D3-BF4B-00C04F79EFBC}") = "Avae.Printables.Xps", "Avae.Printables.Xps.csproj", "{5765EC5C-6BC5-3A61-A272-60E88651C047}"
EndProject
Global
	GlobalSection(SolutionConfigurationPlatforms) = preSolution
		Debug|Any CPU = Debug|Any CPU
		Release|Any CPU = Release|Any CPU
	EndGlobalSection
	GlobalSection(ProjectConfigurationPlatforms) = postSolution
		{5765EC5C-6BC5-3A61-A272-60E88651C047}.Debug|Any CPU.ActiveCfg = Debug|Any CPU
		{5765EC5C-6BC5-3A61-A272-60E88651C047}.Debug|Any CPU.Build.0 = Debug|Any CPU
		{5765EC5C-6BC5-3A61-A272-60E88651C047}.Release|Any CPU.ActiveCfg = Release|Any CPU
		{5765EC5C-6BC5-3A61-A272-60E88651C047}.Release|Any CPU.Build.0 = Release|Any CPU
	EndGlobalSection
	GlobalSection(SolutionProperties) = preSolution
		HideSolutionNode = FALSE
	EndGlobalSection
	GlobalSection(ExtensibilityGlobals) = postSolution
		SolutionGuid = {8D3FC3DF-0062-4E08-AF0B-F191D543C86A}
	EndGlobalSection
EndGlobal
